{
  "requires": true,
  "lockfileVersion": 1,
  "dependencies": {
    "fs-extra": {
      "version": "7.0.1",
      "resolved": "http://10.70.93.92:4873/fs-extra/-/fs-extra-7.0.1.tgz",
      "integrity": "sha512-YJDaCJZEnBmcbw13fvdAM9AwNOJwOzrE4pqMqBq5nFiEqXUqHwlK4B+3pUw6JNvfSPtX05xFHtYy/1ni01eGCw==",
      "dev": true,
      "requires": {
        "graceful-fs": "^4.1.2",
        "jsonfile": "^4.0.0",
        "universalify": "^0.1.0"
      }
    },
    "graceful-fs": {
      "version": "4.1.15",
      "resolved": "http://10.70.93.92:4873/graceful-fs/-/graceful-fs-4.1.15.tgz",
      "integrity": "sha512-6uHUhOPEBgQ24HM+r6b/QwWfZq+yiFcipKFrOFiBEnWdy5sdzYoi+pJeQaPI5qOLRFqWmAXUPQNsielzdLoecA==",
      "dev": true
    },
    "jsonfile": {
      "version": "4.0.0",
      "resolved": "http://10.70.93.92:4873/jsonfile/-/jsonfile-4.0.0.tgz",
      "integrity": "sha1-h3Gq4HmbZAdrdmQPygWPnBDjPss=",
      "dev": true,
      "requires": {
        "graceful-fs": "^4.1.6"
      }
    },
    "lodash": {
      "version": "4.17.11",
      "resolved": "http://10.70.93.92:4873/lodash/-/lodash-4.17.11.tgz",
      "integrity": "sha512-cQKh8igo5QUhZ7lg38DYWAxMvjSAKG0A8wGSVimP07SIUEK2UO+arSRKbRZWtelMtN5V0Hkwh5ryOto/SshYIg==",
      "dev": true
    },
    "tapable": {
      "version": "1.1.1",
      "resolved": "http://10.70.93.92:4873/tapable/-/tapable-1.1.1.tgz",
      "integrity": "sha512-9I2ydhj8Z9veORCw5PRm4u9uebCn0mcCa6scWoNcbZ6dAtoo2618u9UUzxgmsCOreJpqDDuv61LvwofW7hLcBA==",
      "dev": true
    },
    "universalify": {
      "version": "0.1.2",
      "resolved": "http://10.70.93.92:4873/universalify/-/universalify-0.1.2.tgz",
      "integrity": "sha512-rBJeI5CXAlmy1pV+617WB9J63U6XcazHHF2f2dbJix4XzpUF0RS3Zbj0FGIOCAva5P/d/GBOYaACQ1w+0azUkg==",
      "dev": true
    },
    "webpack-manifest-plugin": {
      "version": "2.0.4",
      "resolved": "http://10.70.93.92:4873/webpack-manifest-plugin/-/webpack-manifest-plugin-2.0.4.tgz",
      "integrity": "sha512-nejhOHexXDBKQOj/5v5IZSfCeTO3x1Dt1RZEcGfBSul891X/eLIcIVH31gwxPDdsi2Z8LKKFGpM4w9+oTBOSCg==",
      "dev": true,
      "requires": {
        "fs-extra": "^7.0.0",
        "lodash": ">=3.5 <5",
        "tapable": "^1.0.0"
      }
    }
  }
}
